{
  "name": "jira-slack-bot",
  "version": "0.3.0",
  "lockfileVersion": 1,
  "requires": true,
  "dependencies": {
    "@slack/logger": {
      "version": "2.0.0",
      "resolved": "https://registry.npmjs.org/@slack/logger/-/logger-2.0.0.tgz",
      "integrity": "sha512-OkIJpiU2fz6HOJujhlhfIGrc8hB4ibqtf7nnbJQDerG0BqwZCfmgtK5sWzZ0TkXVRBKD5MpLrTmCYyMxoMCgPw==",
      "requires": {
        "@types/node": ">=8.9.0"
      }
    },
    "@slack/rtm-api": {
      "version": "6.0.0",
      "resolved": "https://registry.npmjs.org/@slack/rtm-api/-/rtm-api-6.0.0.tgz",
      "integrity": "sha512-4jgONmC10/RdV6Q07e6PRUXrORPs2Xhe2gWKcGo49D2rCFy8H8SpM1RxowrVLYXqXUoMt3fIrqu050SuF4iVVA==",
      "requires": {
        "@slack/logger": ">=1.0.0 <3.0.0",
        "@slack/web-api": "^5.3.0",
        "@types/node": ">=12.0.0",
        "@types/p-queue": "^2.3.2",
        "@types/ws": "^7.2.5",
        "eventemitter3": "^3.1.0",
        "finity": "^0.5.4",
        "p-cancelable": "^1.1.0",
        "p-queue": "^2.4.2",
        "ws": "^5.2.0"
      },
      "dependencies": {
        "@slack/web-api": {
          "version": "5.15.0",
          "resolved": "https://registry.npmjs.org/@slack/web-api/-/web-api-5.15.0.tgz",
          "integrity": "sha512-tjQ8Zqv/Fmj9SOL9yIEd7IpTiKfKHi9DKAkfRVeotoX0clMr3SqQtBqO+KZMX27gm7dmgJsQaDKlILyzdCO+IA==",
          "requires": {
            "@slack/logger": ">=1.0.0 <3.0.0",
            "@slack/types": "^1.7.0",
            "@types/is-stream": "^1.1.0",
            "@types/node": ">=8.9.0",
            "axios": "^0.21.1",
            "eventemitter3": "^3.1.0",
            "form-data": "^2.5.0",
            "is-stream": "^1.1.0",
            "p-queue": "^6.6.1",
            "p-retry": "^4.0.0"
          },
          "dependencies": {
            "p-queue": {
              "version": "6.6.2",
              "resolved": "https://registry.npmjs.org/p-queue/-/p-queue-6.6.2.tgz",
              "integrity": "sha512-RwFpb72c/BhQLEXIZ5K2e+AhgNVmIejGlTgiB9MzZ0e93GRvqZ7uSi0dvRF7/XIXDeNkra2fNHBxTyPDGySpjQ==",
              "requires": {
                "eventemitter3": "^4.0.4",
                "p-timeout": "^3.2.0"
              },
              "dependencies": {
                "eventemitter3": {
                  "version": "4.0.7",
                  "resolved": "https://registry.npmjs.org/eventemitter3/-/eventemitter3-4.0.7.tgz",
                  "integrity": "sha512-8guHBZCwKnFhYdHr2ysuRWErTwhoN2X8XELRlrRwpmfeY2jjuUN4taQMsULKUVo1K4DvZl+0pgfyoysHxvmvEw=="
                }
              }
            }
          }
        }
      }
    },
    "@slack/types": {
      "version": "1.10.0",
      "resolved": "https://registry.npmjs.org/@slack/types/-/types-1.10.0.tgz",
      "integrity": "sha512-tA7GG7Tj479vojfV3AoxbckalA48aK6giGjNtgH6ihpLwTyHE3fIgRrvt8TWfLwW8X8dyu7vgmAsGLRG7hWWOg=="
    },
    "@slack/web-api": {
      "version": "6.1.0",
      "resolved": "https://registry.npmjs.org/@slack/web-api/-/web-api-6.1.0.tgz",
      "integrity": "sha512-9MVHw+rDBaFvkvzm8lDNH/nlkvJCDKRIjFGMdpbyZlVLsm4rcht4qyiL71bqdyLATHXJnWknb/sl0FQGLLobIA==",
      "requires": {
        "@slack/logger": ">=1.0.0 <3.0.0",
        "@slack/types": "^1.7.0",
        "@types/is-stream": "^1.1.0",
        "@types/node": ">=12.0.0",
        "axios": "^0.21.1",
        "eventemitter3": "^3.1.0",
        "form-data": "^2.5.0",
        "is-stream": "^1.1.0",
        "p-queue": "^6.6.1",
        "p-retry": "^4.0.0"
      },
      "dependencies": {
        "p-queue": {
          "version": "6.6.2",
          "resolved": "https://registry.npmjs.org/p-queue/-/p-queue-6.6.2.tgz",
          "integrity": "sha512-RwFpb72c/BhQLEXIZ5K2e+AhgNVmIejGlTgiB9MzZ0e93GRvqZ7uSi0dvRF7/XIXDeNkra2fNHBxTyPDGySpjQ==",
          "requires": {
            "eventemitter3": "^4.0.4",
            "p-timeout": "^3.2.0"
          },
          "dependencies": {
            "eventemitter3": {
              "version": "4.0.7",
              "resolved": "https://registry.npmjs.org/eventemitter3/-/eventemitter3-4.0.7.tgz",
              "integrity": "sha512-8guHBZCwKnFhYdHr2ysuRWErTwhoN2X8XELRlrRwpmfeY2jjuUN4taQMsULKUVo1K4DvZl+0pgfyoysHxvmvEw=="
            }
          }
        }
      }
    },
    "@types/is-stream": {
      "version": "1.1.0",
      "resolved": "https://registry.npmjs.org/@types/is-stream/-/is-stream-1.1.0.tgz",
      "integrity": "sha512-jkZatu4QVbR60mpIzjINmtS1ZF4a/FqdTUTBeQDVOQ2PYyidtwFKr0B5G6ERukKwliq+7mIXvxyppwzG5EgRYg==",
      "requires": {
        "@types/node": "*"
      }
    },
    "@types/node": {
      "version": "14.14.37",
      "resolved": "https://registry.npmjs.org/@types/node/-/node-14.14.37.tgz",
      "integrity": "sha512-XYmBiy+ohOR4Lh5jE379fV2IU+6Jn4g5qASinhitfyO71b/sCo6MKsMLF5tc7Zf2CE8hViVQyYSobJNke8OvUw=="
    },
    "@types/p-queue": {
      "version": "2.3.2",
      "resolved": "https://registry.npmjs.org/@types/p-queue/-/p-queue-2.3.2.tgz",
      "integrity": "sha512-eKAv5Ql6k78dh3ULCsSBxX6bFNuGjTmof5Q/T6PiECDq0Yf8IIn46jCyp3RJvCi8owaEmm3DZH1PEImjBMd/vQ=="
    },
    "@types/retry": {
      "version": "0.12.0",
      "resolved": "https://registry.npmjs.org/@types/retry/-/retry-0.12.0.tgz",
      "integrity": "sha512-wWKOClTTiizcZhXnPY4wikVAwmdYHp8q6DmC+EJUzAMsycb7HB32Kh9RN4+0gExjmPmZSAQjgURXIGATPegAvA=="
    },
    "@types/ws": {
      "version": "7.4.1",
      "resolved": "https://registry.npmjs.org/@types/ws/-/ws-7.4.1.tgz",
      "integrity": "sha512-ISCK1iFnR+jYv7+jLNX0wDqesZ/5RAeY3wUx6QaphmocphU61h+b+PHjS18TF4WIPTu/MMzxIq2PHr32o2TS5Q==",
      "requires": {
        "@types/node": "*"
      }
    },
    "async": {
      "version": "1.0.0",
      "resolved": "https://registry.npmjs.org/async/-/async-1.0.0.tgz",
      "integrity": "sha1-+PwEyjoTeErenhZBr5hXjPvWR6k="
    },
    "async-limiter": {
      "version": "1.0.1",
      "resolved": "https://registry.npmjs.org/async-limiter/-/async-limiter-1.0.1.tgz",
      "integrity": "sha512-csOlWGAcRFJaI6m+F2WKdnMKr4HhdhFVBk0H/QbJFMCr+uO2kwohwXQPxw/9OCxp05r5ghVBFSyioixx3gfkNQ=="
    },
    "asynckit": {
      "version": "0.4.0",
      "resolved": "https://registry.npmjs.org/asynckit/-/asynckit-0.4.0.tgz",
      "integrity": "sha1-x57Zf380y48robyXkLzDZkdLS3k="
    },
    "axios": {
      "version": "0.21.1",
      "resolved": "https://registry.npmjs.org/axios/-/axios-0.21.1.tgz",
      "integrity": "sha512-dKQiRHxGD9PPRIUNIWvZhPTPpl1rf/OxTYKsqKUDjBwYylTvV7SjSHJb9ratfyzM6wCdLCOYLzs73qpg5c4iGA==",
      "requires": {
        "follow-redirects": "^1.10.0"
      }
    },
    "colors": {
      "version": "1.0.3",
      "resolved": "https://registry.npmjs.org/colors/-/colors-1.0.3.tgz",
      "integrity": "sha1-BDP0TYCWgP3rYO0mDxsMJi6CpAs="
    },
    "combined-stream": {
      "version": "1.0.8",
      "resolved": "https://registry.npmjs.org/combined-stream/-/combined-stream-1.0.8.tgz",
      "integrity": "sha512-FQN4MRfuJeHf7cBbBMJFXhKSDq+2kAArBlmRBvcvFE5BB1HZKXtSFASDhdlz9zOYwxh8lDdnvmMOe/+5cdoEdg==",
      "requires": {
        "delayed-stream": "~1.0.0"
      }
    },
    "cycle": {
      "version": "1.0.3",
      "resolved": "https://registry.npmjs.org/cycle/-/cycle-1.0.3.tgz",
      "integrity": "sha1-IegLK+hYD5i0aPN5QwZisEbDStI="
    },
    "deepmerge": {
      "version": "2.0.0",
      "resolved": "https://registry.npmjs.org/deepmerge/-/deepmerge-2.0.0.tgz",
      "integrity": "sha512-YiTeIE16rJ/BCCbWYueeQoKkhoolGHqynDZmB03gPqMt6y3duJG6+po7zdMm7UK5o3njDm4Yyuqr4082G4M4Zw=="
    },
    "delayed-stream": {
      "version": "1.0.0",
      "resolved": "https://registry.npmjs.org/delayed-stream/-/delayed-stream-1.0.0.tgz",
      "integrity": "sha1-3zrhmayt+31ECqrgsp4icrJOxhk="
    },
    "eventemitter3": {
      "version": "3.1.2",
      "resolved": "https://registry.npmjs.org/eventemitter3/-/eventemitter3-3.1.2.tgz",
      "integrity": "sha512-tvtQIeLVHjDkJYnzf2dgVMxfuSGJeM/7UCG17TT4EumTfNtF+0nebF/4zWOIkCreAbtNqhGEboB6BWrwqNaw4Q=="
    },
    "eyes": {
      "version": "0.1.8",
      "resolved": "https://registry.npmjs.org/eyes/-/eyes-0.1.8.tgz",
      "integrity": "sha1-Ys8SAjTGg3hdkCNIqADvPgzCC8A="
    },
    "finity": {
      "version": "0.5.4",
      "resolved": "https://registry.npmjs.org/finity/-/finity-0.5.4.tgz",
      "integrity": "sha512-3l+5/1tuw616Lgb0QBimxfdd2TqaDGpfCBpfX6EqtFmqUV3FtQnVEX4Aa62DagYEqnsTIjZcTfbq9msDbXYgyA=="
    },
    "follow-redirects": {
      "version": "1.13.3",
      "resolved": "https://registry.npmjs.org/follow-redirects/-/follow-redirects-1.13.3.tgz",
      "integrity": "sha512-DUgl6+HDzB0iEptNQEXLx/KhTmDb8tZUHSeLqpnjpknR70H0nC2t9N73BK6fN4hOvJ84pKlIQVQ4k5FFlBedKA=="
    },
    "form-data": {
      "version": "2.5.1",
      "resolved": "https://registry.npmjs.org/form-data/-/form-data-2.5.1.tgz",
      "integrity": "sha512-m21N3WOmEEURgk6B9GLOE4RuWOFf28Lhh9qGYeNlGq4VDXUlJy2th2slBNU8Gp8EzloYZOibZJ7t5ecIrFSjVA==",
      "requires": {
        "asynckit": "^0.4.0",
        "combined-stream": "^1.0.6",
        "mime-types": "^2.1.12"
      }
    },
    "is-stream": {
      "version": "1.1.0",
      "resolved": "https://registry.npmjs.org/is-stream/-/is-stream-1.1.0.tgz",
      "integrity": "sha1-EtSj3U5o4Lec6428hBc66A2RykQ="
    },
    "isstream": {
      "version": "0.1.2",
      "resolved": "https://registry.npmjs.org/isstream/-/isstream-0.1.2.tgz",
      "integrity": "sha1-R+Y/evVa+m+S4VAOaQ64uFKcCZo="
    },
    "jira": {
      "version": "0.9.2",
      "resolved": "https://registry.npmjs.org/jira/-/jira-0.9.2.tgz",
      "integrity": "sha1-K0eMeVZNPY0hD5puNAbAmgt2yqA=",
      "requires": {
        "oauth": "^0.9.11",
        "request": "<2.16.0"
      }
    },
    "mime": {
      "version": "1.2.11",
      "resolved": "https://registry.npmjs.org/mime/-/mime-1.2.11.tgz",
      "integrity": "sha1-WCA+7Ybjpe8XrtK32evUfwpg3RA="
    },
    "mime-db": {
      "version": "1.47.0",
      "resolved": "https://registry.npmjs.org/mime-db/-/mime-db-1.47.0.tgz",
      "integrity": "sha512-QBmA/G2y+IfeS4oktet3qRZ+P5kPhCKRXxXnQEudYqUaEioAU1/Lq2us3D/t1Jfo4hE9REQPrbB7K5sOczJVIw=="
    },
    "mime-types": {
      "version": "2.1.30",
      "resolved": "https://registry.npmjs.org/mime-types/-/mime-types-2.1.30.tgz",
      "integrity": "sha512-crmjA4bLtR8m9qLpHvgxSChT+XoSlZi8J4n/aIdn3z92e/U47Z0V/yl+Wh9W046GgFVAmoNR/fmdbZYcSSIUeg==",
      "requires": {
        "mime-db": "1.47.0"
      }
    },
    "oauth": {
      "version": "0.9.14",
      "resolved": "https://registry.npmjs.org/oauth/-/oauth-0.9.14.tgz",
      "integrity": "sha1-xXSIg6QLU94wrenKvyEAQUuKCXE="
    },
    "p-cancelable": {
      "version": "1.1.0",
      "resolved": "https://registry.npmjs.org/p-cancelable/-/p-cancelable-1.1.0.tgz",
      "integrity": "sha512-s73XxOZ4zpt1edZYZzvhqFa6uvQc1vwUa0K0BdtIZgQMAJj9IbebH+JkgKZc9h+B05PKHLOTl4ajG1BmNrVZlw=="
    },
    "p-finally": {
      "version": "1.0.0",
      "resolved": "https://registry.npmjs.org/p-finally/-/p-finally-1.0.0.tgz",
      "integrity": "sha1-P7z7FbiZpEEjs0ttzBi3JDNqLK4="
    },
    "p-queue": {
      "version": "2.4.2",
      "resolved": "https://registry.npmjs.org/p-queue/-/p-queue-2.4.2.tgz",
      "integrity": "sha512-n8/y+yDJwBjoLQe1GSJbbaYQLTI7QHNZI2+rpmCDbe++WLf9HC3gf6iqj5yfPAV71W4UF3ql5W1+UBPXoXTxng=="
    },
    "p-retry": {
      "version": "4.5.0",
      "resolved": "https://registry.npmjs.org/p-retry/-/p-retry-4.5.0.tgz",
      "integrity": "sha512-5Hwh4aVQSu6BEP+w2zKlVXtFAaYQe1qWuVADSgoeVlLjwe/Q/AMSoRR4MDeaAfu8llT+YNbEijWu/YF3m6avkg==",
      "requires": {
        "@types/retry": "^0.12.0",
        "retry": "^0.12.0"
      }
    },
    "p-timeout": {
      "version": "3.2.0",
      "resolved": "https://registry.npmjs.org/p-timeout/-/p-timeout-3.2.0.tgz",
      "integrity": "sha512-rhIwUycgwwKcP9yTOOFK/AKsAopjjCakVqLHePO3CC6Mir1Z99xT+R63jZxAT5lFZLa2inS5h+ZS2GvR99/FBg==",
      "requires": {
        "p-finally": "^1.0.0"
      }
    },
    "pkginfo": {
      "version": "0.3.1",
      "resolved": "https://registry.npmjs.org/pkginfo/-/pkginfo-0.3.1.tgz",
      "integrity": "sha1-Wyn2qB9wcXFC4J52W76rl7T4HiE="
    },
    "request": {
      "version": "2.14.0",
      "resolved": "https://registry.npmjs.org/request/-/request-2.14.0.tgz",
      "integrity": "sha1-DYrLsLFMGrguAAt9OB+oyA0afYg=",
      "requires": {
        "form-data": "~0.0.3",
        "mime": "~1.2.7"
      },
      "dependencies": {
        "async": {
          "version": "0.2.10",
          "resolved": "https://registry.npmjs.org/async/-/async-0.2.10.tgz",
          "integrity": "sha1-trvgsGdLnXGXCMo43owjfLUmw9E="
        },
        "combined-stream": {
          "version": "0.0.7",
          "resolved": "https://registry.npmjs.org/combined-stream/-/combined-stream-0.0.7.tgz",
          "integrity": "sha1-ATfmV7qlp1QcV6w3rF/AfXO03B8=",
          "requires": {
            "delayed-stream": "0.0.5"
          }
        },
        "delayed-stream": {
          "version": "0.0.5",
          "resolved": "https://registry.npmjs.org/delayed-stream/-/delayed-stream-0.0.5.tgz",
          "integrity": "sha1-1LH0OpPoKW3+AmlPRoC8N6MTxz8="
        },
        "form-data": {
          "version": "0.0.10",
          "resolved": "https://registry.npmjs.org/form-data/-/form-data-0.0.10.tgz",
          "integrity": "sha1-2zRaU3jYau6x7V1VO4aawZLS9e0=",
          "requires": {
            "async": "~0.2.7",
            "combined-stream": "~0.0.4",
            "mime": "~1.2.2"
          }
        }
      }
    },
    "retry": {
      "version": "0.12.0",
      "resolved": "https://registry.npmjs.org/retry/-/retry-0.12.0.tgz",
      "integrity": "sha1-G0KmJmoh8HQh0bC1S33BZ7AcATs="
    },
    "stack-trace": {
      "version": "0.0.9",
      "resolved": "https://registry.npmjs.org/stack-trace/-/stack-trace-0.0.9.tgz",
      "integrity": "sha1-qPbq7KkGdMMz58Q5U/J1tFFRBpU="
    },
    "winston": {
      "version": "1.1.2",
      "resolved": "https://registry.npmjs.org/winston/-/winston-1.1.2.tgz",
      "integrity": "sha1-aO3Xaf951PlSjPDl2AAhqt5nSAw=",
      "requires": {
        "async": "~1.0.0",
        "colors": "1.0.x",
        "cycle": "1.0.x",
        "eyes": "0.1.x",
        "isstream": "0.1.x",
        "pkginfo": "0.3.x",
        "stack-trace": "0.0.x"
      }
    },
    "ws": {
      "version": "5.2.2",
      "resolved": "https://registry.npmjs.org/ws/-/ws-5.2.2.tgz",
      "integrity": "sha512-jaHFD6PFv6UgoIVda6qZllptQsMlDEJkTQcybzzXDYM1XO9Y8em691FGMPmM46WGyLU4z9KMgQN+qrux/nhlHA==",
      "requires": {
        "async-limiter": "~1.0.0"
      }
    }
  }
}
